// !$*UTF8*$!
{
	archiveVersion = 1;
	classes = {
	};
	objectVersion = 50;
	objects = {

/* Begin PBXBuildFile section */
		A590C50D218D8A4800955776 /* WisdomGCDAsyncSocket.swift in Sources */ = {isa = PBXBuildFile; fileRef = A590C50C218D8A4800955776 /* WisdomGCDAsyncSocket.swift */; };
		A590C50F218D8A6200955776 /* WisdomGCDAsyncUdpSocket.swift in Sources */ = {isa = PBXBuildFile; fileRef = A590C50E218D8A6200955776 /* WisdomGCDAsyncUdpSocket.swift */; };
		A590C511218D8BA500955776 /* WisdomGCDAsyncSocketDelegate.swift in Sources */ = {isa = PBXBuildFile; fileRef = A590C510218D8BA500955776 /* WisdomGCDAsyncSocketDelegate.swift */; };
		A5FDD46F2151E63700527110 /* AppDelegate.swift in Sources */ = {isa = PBXBuildFile; fileRef = A5FDD46E2151E63700527110 /* AppDelegate.swift */; };
		A5FDD4762151E63800527110 /* Assets.xcassets in Resources */ = {isa = PBXBuildFile; fileRef = A5FDD4752151E63800527110 /* Assets.xcassets */; };
		A5FDD4792151E63800527110 /* LaunchScreen.storyboard in Resources */ = {isa = PBXBuildFile; fileRef = A5FDD4772151E63800527110 /* LaunchScreen.storyboard */; };
		A5FDD4F32151F4E000527110 /* DeviceInfo.swift in Sources */ = {isa = PBXBuildFile; fileRef = A5FDD4F02151F4E000527110 /* DeviceInfo.swift */; };
		A5FDD4F42151F4E000527110 /* UserinfoVO.swift in Sources */ = {isa = PBXBuildFile; fileRef = A5FDD4F12151F4E000527110 /* UserinfoVO.swift */; };
		A5FDD4F52151F4E000527110 /* ZHInvestSupAliasVO.swift in Sources */ = {isa = PBXBuildFile; fileRef = A5FDD4F22151F4E000527110 /* ZHInvestSupAliasVO.swift */; };
		A5FDD4F72151FC2800527110 /* WisdomUserinfo.swift in Sources */ = {isa = PBXBuildFile; fileRef = A5FDD4F62151FC2800527110 /* WisdomUserinfo.swift */; };
		A5FDD4F92151FCDB00527110 /* WisdomIMKitManager.swift in Sources */ = {isa = PBXBuildFile; fileRef = A5FDD4F82151FCDB00527110 /* WisdomIMKitManager.swift */; };
		A5FDD4FF2151FE2B00527110 /* GCDAsyncUdpSocket.m in Sources */ = {isa = PBXBuildFile; fileRef = A5FDD4FB2151FE2B00527110 /* GCDAsyncUdpSocket.m */; };
		A5FDD5002151FE2B00527110 /* GCDAsyncSocket.m in Sources */ = {isa = PBXBuildFile; fileRef = A5FDD4FC2151FE2B00527110 /* GCDAsyncSocket.m */; };
		A5FDD5022152204500527110 /* WisdomIMKitConfig.swift in Sources */ = {isa = PBXBuildFile; fileRef = A5FDD5012152204500527110 /* WisdomIMKitConfig.swift */; };
		A5FDD5042152232E00527110 /* WisdomReachability.swift in Sources */ = {isa = PBXBuildFile; fileRef = A5FDD5032152232E00527110 /* WisdomReachability.swift */; };
		A5FDD50621522BA700527110 /* WisdomIMPayload.swift in Sources */ = {isa = PBXBuildFile; fileRef = A5FDD50521522BA700527110 /* WisdomIMPayload.swift */; };
		A5FDD50821522BD600527110 /* WisdomIMHeader.swift in Sources */ = {isa = PBXBuildFile; fileRef = A5FDD50721522BD600527110 /* WisdomIMHeader.swift */; };
		A5FDD50A21522CF900527110 /* WisdomIMDataVO.swift in Sources */ = {isa = PBXBuildFile; fileRef = A5FDD50921522CF900527110 /* WisdomIMDataVO.swift */; };
		A5FDD50D21523BD200527110 /* TestViewController.swift in Sources */ = {isa = PBXBuildFile; fileRef = A5FDD50B21523BD200527110 /* TestViewController.swift */; };
		A5FDD50E21523BD200527110 /* TestViewController.xib in Resources */ = {isa = PBXBuildFile; fileRef = A5FDD50C21523BD200527110 /* TestViewController.xib */; };
		A5FDD510215248B700527110 /* WisdomIMDataEncoding.swift in Sources */ = {isa = PBXBuildFile; fileRef = A5FDD50F215248B700527110 /* WisdomIMDataEncoding.swift */; };
		A5FDD554215248F900527110 /* Array+Extensions.swift in Sources */ = {isa = PBXBuildFile; fileRef = A5FDD512215248F800527110 /* Array+Extensions.swift */; };
		A5FDD555215248F900527110 /* AES.swift in Sources */ = {isa = PBXBuildFile; fileRef = A5FDD513215248F800527110 /* AES.swift */; };
		A5FDD556215248F900527110 /* UInt64+Extension.swift in Sources */ = {isa = PBXBuildFile; fileRef = A5FDD514215248F800527110 /* UInt64+Extension.swift */; };
		A5FDD557215248F900527110 /* Cryptors.swift in Sources */ = {isa = PBXBuildFile; fileRef = A5FDD515215248F800527110 /* Cryptors.swift */; };
		A5FDD558215248F900527110 /* Cipher.swift in Sources */ = {isa = PBXBuildFile; fileRef = A5FDD516215248F800527110 /* Cipher.swift */; };
		A5FDD559215248F900527110 /* Int+Extension.swift in Sources */ = {isa = PBXBuildFile; fileRef = A5FDD517215248F800527110 /* Int+Extension.swift */; };
		A5FDD55A215248F900527110 /* AES.Cryptors.swift in Sources */ = {isa = PBXBuildFile; fileRef = A5FDD518215248F800527110 /* AES.Cryptors.swift */; };
		A5FDD55B215248F900527110 /* Bit.swift in Sources */ = {isa = PBXBuildFile; fileRef = A5FDD519215248F800527110 /* Bit.swift */; };
		A5FDD55C215248F900527110 /* HMAC.swift in Sources */ = {isa = PBXBuildFile; fileRef = A5FDD51A215248F800527110 /* HMAC.swift */; };
		A5FDD55D215248F900527110 /* UInt16+Extension.swift in Sources */ = {isa = PBXBuildFile; fileRef = A5FDD51B215248F800527110 /* UInt16+Extension.swift */; };
		A5FDD55E215248F900527110 /* Collection+Extension.swift in Sources */ = {isa = PBXBuildFile; fileRef = A5FDD51C215248F800527110 /* Collection+Extension.swift */; };
		A5FDD55F215248F900527110 /* UInt32+Extension.swift in Sources */ = {isa = PBXBuildFile; fileRef = A5FDD51D215248F800527110 /* UInt32+Extension.swift */; };
		A5FDD560215248F900527110 /* Digest.swift in Sources */ = {isa = PBXBuildFile; fileRef = A5FDD51E215248F800527110 /* Digest.swift */; };
		A5FDD561215248F900527110 /* NoPadding.swift in Sources */ = {isa = PBXBuildFile; fileRef = A5FDD51F215248F800527110 /* NoPadding.swift */; };
		A5FDD562215248F900527110 /* String+FoundationExtension.swift in Sources */ = {isa = PBXBuildFile; fileRef = A5FDD521215248F800527110 /* String+FoundationExtension.swift */; };
		A5FDD563215248F900527110 /* Blowfish+Foundation.swift in Sources */ = {isa = PBXBuildFile; fileRef = A5FDD522215248F800527110 /* Blowfish+Foundation.swift */; };
		A5FDD564215248F900527110 /* Utils+Foundation.swift in Sources */ = {isa = PBXBuildFile; fileRef = A5FDD523215248F800527110 /* Utils+Foundation.swift */; };
		A5FDD565215248F900527110 /* HMAC+Foundation.swift in Sources */ = {isa = PBXBuildFile; fileRef = A5FDD524215248F800527110 /* HMAC+Foundation.swift */; };
		A5FDD566215248F900527110 /* Data+Extension.swift in Sources */ = {isa = PBXBuildFile; fileRef = A5FDD525215248F800527110 /* Data+Extension.swift */; };
		A5FDD567215248F900527110 /* ChaCha20+Foundation.swift in Sources */ = {isa = PBXBuildFile; fileRef = A5FDD526215248F800527110 /* ChaCha20+Foundation.swift */; };
		A5FDD568215248F900527110 /* Array+Foundation.swift in Sources */ = {isa = PBXBuildFile; fileRef = A5FDD527215248F800527110 /* Array+Foundation.swift */; };
		A5FDD569215248F900527110 /* AES+Foundation.swift in Sources */ = {isa = PBXBuildFile; fileRef = A5FDD528215248F800527110 /* AES+Foundation.swift */; };
		A5FDD56A215248F900527110 /* Rabbit+Foundation.swift in Sources */ = {isa = PBXBuildFile; fileRef = A5FDD529215248F800527110 /* Rabbit+Foundation.swift */; };
		A5FDD56B215248F900527110 /* UInt8+Extension.swift in Sources */ = {isa = PBXBuildFile; fileRef = A5FDD52A215248F800527110 /* UInt8+Extension.swift */; };
		A5FDD56C215248F900527110 /* MD5.swift in Sources */ = {isa = PBXBuildFile; fileRef = A5FDD52B215248F800527110 /* MD5.swift */; };
		A5FDD56D215248F900527110 /* BatchedCollection.swift in Sources */ = {isa = PBXBuildFile; fileRef = A5FDD52C215248F800527110 /* BatchedCollection.swift */; };
		A5FDD56E215248F900527110 /* SecureBytes.swift in Sources */ = {isa = PBXBuildFile; fileRef = A5FDD52D215248F800527110 /* SecureBytes.swift */; };
		A5FDD56F215248F900527110 /* ZeroPadding.swift in Sources */ = {isa = PBXBuildFile; fileRef = A5FDD52E215248F800527110 /* ZeroPadding.swift */; };
		A5FDD570215248F900527110 /* String+Extension.swift in Sources */ = {isa = PBXBuildFile; fileRef = A5FDD52F215248F800527110 /* String+Extension.swift */; };
		A5FDD571215248F900527110 /* Authenticator.swift in Sources */ = {isa = PBXBuildFile; fileRef = A5FDD530215248F800527110 /* Authenticator.swift */; };
		A5FDD572215248F900527110 /* SHA3.swift in Sources */ = {isa = PBXBuildFile; fileRef = A5FDD531215248F800527110 /* SHA3.swift */; };
		A5FDD573215248F900527110 /* Operators.swift in Sources */ = {isa = PBXBuildFile; fileRef = A5FDD532215248F800527110 /* Operators.swift */; };
		A5FDD574215248F900527110 /* RandomBytesSequence.swift in Sources */ = {isa = PBXBuildFile; fileRef = A5FDD533215248F800527110 /* RandomBytesSequence.swift */; };
		A5FDD575215248F900527110 /* Rabbit.swift in Sources */ = {isa = PBXBuildFile; fileRef = A5FDD534215248F800527110 /* Rabbit.swift */; };
		A5FDD576215248F900527110 /* SHA1.swift in Sources */ = {isa = PBXBuildFile; fileRef = A5FDD535215248F800527110 /* SHA1.swift */; };
		A5FDD577215248F900527110 /* Poly1305.swift in Sources */ = {isa = PBXBuildFile; fileRef = A5FDD536215248F800527110 /* Poly1305.swift */; };
		A5FDD578215248F900527110 /* BlockCipher.swift in Sources */ = {isa = PBXBuildFile; fileRef = A5FDD537215248F800527110 /* BlockCipher.swift */; };
		A5FDD579215248F900527110 /* Updatable.swift in Sources */ = {isa = PBXBuildFile; fileRef = A5FDD538215248F800527110 /* Updatable.swift */; };
		A5FDD57A215248F900527110 /* Blowfish.swift in Sources */ = {isa = PBXBuildFile; fileRef = A5FDD539215248F800527110 /* Blowfish.swift */; };
		A5FDD57B215248F900527110 /* DigestType.swift in Sources */ = {isa = PBXBuildFile; fileRef = A5FDD53A215248F800527110 /* DigestType.swift */; };
		A5FDD57C215248F900527110 /* Utils.swift in Sources */ = {isa = PBXBuildFile; fileRef = A5FDD53B215248F800527110 /* Utils.swift */; };
		A5FDD57D215248F900527110 /* Generics.swift in Sources */ = {isa = PBXBuildFile; fileRef = A5FDD53C215248F800527110 /* Generics.swift */; };
		A5FDD57E215248F900527110 /* Checksum.swift in Sources */ = {isa = PBXBuildFile; fileRef = A5FDD53D215248F800527110 /* Checksum.swift */; };
		A5FDD57F215248F900527110 /* RandomAccessCryptor.swift in Sources */ = {isa = PBXBuildFile; fileRef = A5FDD53E215248F900527110 /* RandomAccessCryptor.swift */; };
		A5FDD580215248F900527110 /* SHA2.swift in Sources */ = {isa = PBXBuildFile; fileRef = A5FDD53F215248F900527110 /* SHA2.swift */; };
		A5FDD581215248F900527110 /* Padding.swift in Sources */ = {isa = PBXBuildFile; fileRef = A5FDD540215248F900527110 /* Padding.swift */; };
		A5FDD582215248F900527110 /* PKCS7Padding.swift in Sources */ = {isa = PBXBuildFile; fileRef = A5FDD542215248F900527110 /* PKCS7Padding.swift */; };
		A5FDD583215248F900527110 /* PKCS5.swift in Sources */ = {isa = PBXBuildFile; fileRef = A5FDD543215248F900527110 /* PKCS5.swift */; };
		A5FDD584215248F900527110 /* PKCS7.swift in Sources */ = {isa = PBXBuildFile; fileRef = A5FDD544215248F900527110 /* PKCS7.swift */; };
		A5FDD585215248F900527110 /* PBKDF2.swift in Sources */ = {isa = PBXBuildFile; fileRef = A5FDD545215248F900527110 /* PBKDF2.swift */; };
		A5FDD586215248F900527110 /* PBKDF1.swift in Sources */ = {isa = PBXBuildFile; fileRef = A5FDD546215248F900527110 /* PBKDF1.swift */; };
		A5FDD587215248F900527110 /* BlockModeOptions.swift in Sources */ = {isa = PBXBuildFile; fileRef = A5FDD548215248F900527110 /* BlockModeOptions.swift */; };
		A5FDD588215248F900527110 /* CFB.swift in Sources */ = {isa = PBXBuildFile; fileRef = A5FDD549215248F900527110 /* CFB.swift */; };
		A5FDD589215248F900527110 /* CBC.swift in Sources */ = {isa = PBXBuildFile; fileRef = A5FDD54A215248F900527110 /* CBC.swift */; };
		A5FDD58A215248F900527110 /* RandomAccessBlockModeWorker.swift in Sources */ = {isa = PBXBuildFile; fileRef = A5FDD54B215248F900527110 /* RandomAccessBlockModeWorker.swift */; };
		A5FDD58B215248F900527110 /* ECB.swift in Sources */ = {isa = PBXBuildFile; fileRef = A5FDD54C215248F900527110 /* ECB.swift */; };
		A5FDD58C215248F900527110 /* PCBC.swift in Sources */ = {isa = PBXBuildFile; fileRef = A5FDD54D215248F900527110 /* PCBC.swift */; };
		A5FDD58D215248F900527110 /* BlockModeWorker.swift in Sources */ = {isa = PBXBuildFile; fileRef = A5FDD54E215248F900527110 /* BlockModeWorker.swift */; };
		A5FDD58E215248F900527110 /* BlockMode.swift in Sources */ = {isa = PBXBuildFile; fileRef = A5FDD54F215248F900527110 /* BlockMode.swift */; };
		A5FDD58F215248F900527110 /* CTR.swift in Sources */ = {isa = PBXBuildFile; fileRef = A5FDD550215248F900527110 /* CTR.swift */; };
		A5FDD590215248F900527110 /* OFB.swift in Sources */ = {isa = PBXBuildFile; fileRef = A5FDD551215248F900527110 /* OFB.swift */; };
		A5FDD591215248F900527110 /* ChaCha20.swift in Sources */ = {isa = PBXBuildFile; fileRef = A5FDD552215248F900527110 /* ChaCha20.swift */; };
		A5FDD592215248F900527110 /* Array+Extension.swift in Sources */ = {isa = PBXBuildFile; fileRef = A5FDD553215248F900527110 /* Array+Extension.swift */; };
		A5FDD59821524EF500527110 /* Data+Gzip.swift in Sources */ = {isa = PBXBuildFile; fileRef = A5FDD59721524EF500527110 /* Data+Gzip.swift */; };
		D10CCF07B109C0CE868EA06A /* Pods_WisdomIMKit.framework in Frameworks */ = {isa = PBXBuildFile; fileRef = 173EA802618D39BAB871891D /* Pods_WisdomIMKit.framework */; };
/* End PBXBuildFile section */

/* Begin PBXFileReference section */
		173EA802618D39BAB871891D /* Pods_WisdomIMKit.framework */ = {isa = PBXFileReference; explicitFileType = wrapper.framework; includeInIndex = 0; path = Pods_WisdomIMKit.framework; sourceTree = BUILT_PRODUCTS_DIR; };
		A590C50C218D8A4800955776 /* WisdomGCDAsyncSocket.swift */ = {isa = PBXFileReference; lastKnownFileType = sourcecode.swift; path = WisdomGCDAsyncSocket.swift; sourceTree = "<group>"; };
		A590C50E218D8A6200955776 /* WisdomGCDAsyncUdpSocket.swift */ = {isa = PBXFileReference; lastKnownFileType = sourcecode.swift; path = WisdomGCDAsyncUdpSocket.swift; sourceTree = "<group>"; };
		A590C510218D8BA500955776 /* WisdomGCDAsyncSocketDelegate.swift */ = {isa = PBXFileReference; lastKnownFileType = sourcecode.swift; path = WisdomGCDAsyncSocketDelegate.swift; sourceTree = "<group>"; };
		A5FDD46B2151E63700527110 /* WisdomIMKit.app */ = {isa = PBXFileReference; explicitFileType = wrapper.application; includeInIndex = 0; path = WisdomIMKit.app; sourceTree = BUILT_PRODUCTS_DIR; };
		A5FDD46E2151E63700527110 /* AppDelegate.swift */ = {isa = PBXFileReference; lastKnownFileType = sourcecode.swift; path = AppDelegate.swift; sourceTree = "<group>"; };
		A5FDD4752151E63800527110 /* Assets.xcassets */ = {isa = PBXFileReference; lastKnownFileType = folder.assetcatalog; path = Assets.xcassets; sourceTree = "<group>"; };
		A5FDD4782151E63800527110 /* Base */ = {isa = PBXFileReference; lastKnownFileType = file.storyboard; name = Base; path = Base.lproj/LaunchScreen.storyboard; sourceTree = "<group>"; };
		A5FDD47A2151E63800527110 /* Info.plist */ = {isa = PBXFileReference; lastKnownFileType = text.plist.xml; path = Info.plist; sourceTree = "<group>"; };
		A5FDD4EF2151F24B00527110 /* WisdomIMKit-Bridging-Header.h */ = {isa = PBXFileReference; lastKnownFileType = sourcecode.c.h; path = "WisdomIMKit-Bridging-Header.h"; sourceTree = "<group>"; };
		A5FDD4F02151F4E000527110 /* DeviceInfo.swift */ = {isa = PBXFileReference; fileEncoding = 4; lastKnownFileType = sourcecode.swift; path = DeviceInfo.swift; sourceTree = "<group>"; };
		A5FDD4F12151F4E000527110 /* UserinfoVO.swift */ = {isa = PBXFileReference; fileEncoding = 4; lastKnownFileType = sourcecode.swift; path = UserinfoVO.swift; sourceTree = "<group>"; };
		A5FDD4F22151F4E000527110 /* ZHInvestSupAliasVO.swift */ = {isa = PBXFileReference; fileEncoding = 4; lastKnownFileType = sourcecode.swift; path = ZHInvestSupAliasVO.swift; sourceTree = "<group>"; };
		A5FDD4F62151FC2800527110 /* WisdomUserinfo.swift */ = {isa = PBXFileReference; lastKnownFileType = sourcecode.swift; path = WisdomUserinfo.swift; sourceTree = "<group>"; };
		A5FDD4F82151FCDB00527110 /* WisdomIMKitManager.swift */ = {isa = PBXFileReference; lastKnownFileType = sourcecode.swift; path = WisdomIMKitManager.swift; sourceTree = "<group>"; };
		A5FDD4FB2151FE2B00527110 /* GCDAsyncUdpSocket.m */ = {isa = PBXFileReference; fileEncoding = 4; lastKnownFileType = sourcecode.c.objc; path = GCDAsyncUdpSocket.m; sourceTree = "<group>"; };
		A5FDD4FC2151FE2B00527110 /* GCDAsyncSocket.m */ = {isa = PBXFileReference; fileEncoding = 4; lastKnownFileType = sourcecode.c.objc; path = GCDAsyncSocket.m; sourceTree = "<group>"; };
		A5FDD4FD2151FE2B00527110 /* GCDAsyncUdpSocket.h */ = {isa = PBXFileReference; fileEncoding = 4; lastKnownFileType = sourcecode.c.h; path = GCDAsyncUdpSocket.h; sourceTree = "<group>"; };
		A5FDD4FE2151FE2B00527110 /* GCDAsyncSocket.h */ = {isa = PBXFileReference; fileEncoding = 4; lastKnownFileType = sourcecode.c.h; path = GCDAsyncSocket.h; sourceTree = "<group>"; };
		A5FDD5012152204500527110 /* WisdomIMKitConfig.swift */ = {isa = PBXFileReference; lastKnownFileType = sourcecode.swift; path = WisdomIMKitConfig.swift; sourceTree = "<group>"; };
		A5FDD5032152232E00527110 /* WisdomReachability.swift */ = {isa = PBXFileReference; fileEncoding = 4; lastKnownFileType = sourcecode.swift; path = WisdomReachability.swift; sourceTree = "<group>"; };
		A5FDD50521522BA700527110 /* WisdomIMPayload.swift */ = {isa = PBXFileReference; lastKnownFileType = sourcecode.swift; path = WisdomIMPayload.swift; sourceTree = "<group>"; };
		A5FDD50721522BD600527110 /* WisdomIMHeader.swift */ = {isa = PBXFileReference; lastKnownFileType = sourcecode.swift; path = WisdomIMHeader.swift; sourceTree = "<group>"; };
		A5FDD50921522CF900527110 /* WisdomIMDataVO.swift */ = {isa = PBXFileReference; lastKnownFileType = sourcecode.swift; path = WisdomIMDataVO.swift; sourceTree = "<group>"; };
		A5FDD50B21523BD200527110 /* TestViewController.swift */ = {isa = PBXFileReference; lastKnownFileType = sourcecode.swift; path = TestViewController.swift; sourceTree = "<group>"; };
		A5FDD50C21523BD200527110 /* TestViewController.xib */ = {isa = PBXFileReference; lastKnownFileType = file.xib; path = TestViewController.xib; sourceTree = "<group>"; };
		A5FDD50F215248B700527110 /* WisdomIMDataEncoding.swift */ = {isa = PBXFileReference; fileEncoding = 4; lastKnownFileType = sourcecode.swift; path = WisdomIMDataEncoding.swift; sourceTree = "<group>"; };
		A5FDD512215248F800527110 /* Array+Extensions.swift */ = {isa = PBXFileReference; fileEncoding = 4; lastKnownFileType = sourcecode.swift; path = "Array+Extensions.swift"; sourceTree = "<group>"; };
		A5FDD513215248F800527110 /* AES.swift */ = {isa = PBXFileReference; fileEncoding = 4; lastKnownFileType = sourcecode.swift; path = AES.swift; sourceTree = "<group>"; };
		A5FDD514215248F800527110 /* UInt64+Extension.swift */ = {isa = PBXFileReference; fileEncoding = 4; lastKnownFileType = sourcecode.swift; path = "UInt64+Extension.swift"; sourceTree = "<group>"; };
		A5FDD515215248F800527110 /* Cryptors.swift */ = {isa = PBXFileReference; fileEncoding = 4; lastKnownFileType = sourcecode.swift; path = Cryptors.swift; sourceTree = "<group>"; };
		A5FDD516215248F800527110 /* Cipher.swift */ = {isa = PBXFileReference; fileEncoding = 4; lastKnownFileType = sourcecode.swift; path = Cipher.swift; sourceTree = "<group>"; };
		A5FDD517215248F800527110 /* Int+Extension.swift */ = {isa = PBXFileReference; fileEncoding = 4; lastKnownFileType = sourcecode.swift; path = "Int+Extension.swift"; sourceTree = "<group>"; };
		A5FDD518215248F800527110 /* AES.Cryptors.swift */ = {isa = PBXFileReference; fileEncoding = 4; lastKnownFileType = sourcecode.swift; path = AES.Cryptors.swift; sourceTree = "<group>"; };
		A5FDD519215248F800527110 /* Bit.swift */ = {isa = PBXFileReference; fileEncoding = 4; lastKnownFileType = sourcecode.swift; path = Bit.swift; sourceTree = "<group>"; };
		A5FDD51A215248F800527110 /* HMAC.swift */ = {isa = PBXFileReference; fileEncoding = 4; lastKnownFileType = sourcecode.swift; path = HMAC.swift; sourceTree = "<group>"; };
		A5FDD51B215248F800527110 /* UInt16+Extension.swift */ = {isa = PBXFileReference; fileEncoding = 4; lastKnownFileType = sourcecode.swift; path = "UInt16+Extension.swift"; sourceTree = "<group>"; };
		A5FDD51C215248F800527110 /* Collection+Extension.swift */ = {isa = PBXFileReference; fileEncoding = 4; lastKnownFileType = sourcecode.swift; path = "Collection+Extension.swift"; sourceTree = "<group>"; };
		A5FDD51D215248F800527110 /* UInt32+Extension.swift */ = {isa = PBXFileReference; fileEncoding = 4; lastKnownFileType = sourcecode.swift; path = "UInt32+Extension.swift"; sourceTree = "<group>"; };
		A5FDD51E215248F800527110 /* Digest.swift */ = {isa = PBXFileReference; fileEncoding = 4; lastKnownFileType = sourcecode.swift; path = Digest.swift; sourceTree = "<group>"; };
		A5FDD51F215248F800527110 /* NoPadding.swift */ = {isa = PBXFileReference; fileEncoding = 4; lastKnownFileType = sourcecode.swift; path = NoPadding.swift; sourceTree = "<group>"; };
		A5FDD521215248F800527110 /* String+FoundationExtension.swift */ = {isa = PBXFileReference; fileEncoding = 4; lastKnownFileType = sourcecode.swift; path = "String+FoundationExtension.swift"; sourceTree = "<group>"; };
		A5FDD522215248F800527110 /* Blowfish+Foundation.swift */ = {isa = PBXFileReference; fileEncoding = 4; lastKnownFileType = sourcecode.swift; path = "Blowfish+Foundation.swift"; sourceTree = "<group>"; };
		A5FDD523215248F800527110 /* Utils+Foundation.swift */ = {isa = PBXFileReference; fileEncoding = 4; lastKnownFileType = sourcecode.swift; path = "Utils+Foundation.swift"; sourceTree = "<group>"; };
		A5FDD524215248F800527110 /* HMAC+Foundation.swift */ = {isa = PBXFileReference; fileEncoding = 4; lastKnownFileType = sourcecode.swift; path = "HMAC+Foundation.swift"; sourceTree = "<group>"; };
		A5FDD525215248F800527110 /* Data+Extension.swift */ = {isa = PBXFileReference; fileEncoding = 4; lastKnownFileType = sourcecode.swift; path = "Data+Extension.swift"; sourceTree = "<group>"; };
		A5FDD526215248F800527110 /* ChaCha20+Foundation.swift */ = {isa = PBXFileReference; fileEncoding = 4; lastKnownFileType = sourcecode.swift; path = "ChaCha20+Foundation.swift"; sourceTree = "<group>"; };
		A5FDD527215248F800527110 /* Array+Foundation.swift */ = {isa = PBXFileReference; fileEncoding = 4; lastKnownFileType = sourcecode.swift; path = "Array+Foundation.swift"; sourceTree = "<group>"; };
		A5FDD528215248F800527110 /* AES+Foundation.swift */ = {isa = PBXFileReference; fileEncoding = 4; lastKnownFileType = sourcecode.swift; path = "AES+Foundation.swift"; sourceTree = "<group>"; };
		A5FDD529215248F800527110 /* Rabbit+Foundation.swift */ = {isa = PBXFileReference; fileEncoding = 4; lastKnownFileType = sourcecode.swift; path = "Rabbit+Foundation.swift"; sourceTree = "<group>"; };
		A5FDD52A215248F800527110 /* UInt8+Extension.swift */ = {isa = PBXFileReference; fileEncoding = 4; lastKnownFileType = sourcecode.swift; path = "UInt8+Extension.swift"; sourceTree = "<group>"; };
		A5FDD52B215248F800527110 /* MD5.swift */ = {isa = PBXFileReference; fileEncoding = 4; lastKnownFileType = sourcecode.swift; path = MD5.swift; sourceTree = "<group>"; };
		A5FDD52C215248F800527110 /* BatchedCollection.swift */ = {isa = PBXFileReference; fileEncoding = 4; lastKnownFileType = sourcecode.swift; path = BatchedCollection.swift; sourceTree = "<group>"; };
		A5FDD52D215248F800527110 /* SecureBytes.swift */ = {isa = PBXFileReference; fileEncoding = 4; lastKnownFileType = sourcecode.swift; path = SecureBytes.swift; sourceTree = "<group>"; };
		A5FDD52E215248F800527110 /* ZeroPadding.swift */ = {isa = PBXFileReference; fileEncoding = 4; lastKnownFileType = sourcecode.swift; path = ZeroPadding.swift; sourceTree = "<group>"; };
		A5FDD52F215248F800527110 /* String+Extension.swift */ = {isa = PBXFileReference; fileEncoding = 4; lastKnownFileType = sourcecode.swift; path = "String+Extension.swift"; sourceTree = "<group>"; };
		A5FDD530215248F800527110 /* Authenticator.swift */ = {isa = PBXFileReference; fileEncoding = 4; lastKnownFileType = sourcecode.swift; path = Authenticator.swift; sourceTree = "<group>"; };
		A5FDD531215248F800527110 /* SHA3.swift */ = {isa = PBXFileReference; fileEncoding = 4; lastKnownFileType = sourcecode.swift; path = SHA3.swift; sourceTree = "<group>"; };
		A5FDD532215248F800527110 /* Operators.swift */ = {isa = PBXFileReference; fileEncoding = 4; lastKnownFileType = sourcecode.swift; path = Operators.swift; sourceTree = "<group>"; };
		A5FDD533215248F800527110 /* RandomBytesSequence.swift */ = {isa = PBXFileReference; fileEncoding = 4; lastKnownFileType = sourcecode.swift; path = RandomBytesSequence.swift; sourceTree = "<group>"; };
		A5FDD534215248F800527110 /* Rabbit.swift */ = {isa = PBXFileReference; fileEncoding = 4; lastKnownFileType = sourcecode.swift; path = Rabbit.swift; sourceTree = "<group>"; };
		A5FDD535215248F800527110 /* SHA1.swift */ = {isa = PBXFileReference; fileEncoding = 4; lastKnownFileType = sourcecode.swift; path = SHA1.swift; sourceTree = "<group>"; };
		A5FDD536215248F800527110 /* Poly1305.swift */ = {isa = PBXFileReference; fileEncoding = 4; lastKnownFileType = sourcecode.swift; path = Poly1305.swift; sourceTree = "<group>"; };
		A5FDD537215248F800527110 /* BlockCipher.swift */ = {isa = PBXFileReference; fileEncoding = 4; lastKnownFileType = sourcecode.swift; path = BlockCipher.swift; sourceTree = "<group>"; };
		A5FDD538215248F800527110 /* Updatable.swift */ = {isa = PBXFileReference; fileEncoding = 4; lastKnownFileType = sourcecode.swift; path = Updatable.swift; sourceTree = "<group>"; };
		A5FDD539215248F800527110 /* Blowfish.swift */ = {isa = PBXFileReference; fileEncoding = 4; lastKnownFileType = sourcecode.swift; path = Blowfish.swift; sourceTree = "<group>"; };
		A5FDD53A215248F800527110 /* DigestType.swift */ = {isa = PBXFileReference; fileEncoding = 4; lastKnownFileType = sourcecode.swift; path = DigestType.swift; sourceTree = "<group>"; };
		A5FDD53B215248F800527110 /* Utils.swift */ = {isa = PBXFileReference; fileEncoding = 4; lastKnownFileType = sourcecode.swift; path = Utils.swift; sourceTree = "<group>"; };
		A5FDD53C215248F800527110 /* Generics.swift */ = {isa = PBXFileReference; fileEncoding = 4; lastKnownFileType = sourcecode.swift; path = Generics.swift; sourceTree = "<group>"; };
		A5FDD53D215248F800527110 /* Checksum.swift */ = {isa = PBXFileReference; fileEncoding = 4; lastKnownFileType = sourcecode.swift; path = Checksum.swift; sourceTree = "<group>"; };
		A5FDD53E215248F900527110 /* RandomAccessCryptor.swift */ = {isa = PBXFileReference; fileEncoding = 4; lastKnownFileType = sourcecode.swift; path = RandomAccessCryptor.swift; sourceTree = "<group>"; };
		A5FDD53F215248F900527110 /* SHA2.swift */ = {isa = PBXFileReference; fileEncoding = 4; lastKnownFileType = sourcecode.swift; path = SHA2.swift; sourceTree = "<group>"; };
		A5FDD540215248F900527110 /* Padding.swift */ = {isa = PBXFileReference; fileEncoding = 4; lastKnownFileType = sourcecode.swift; path = Padding.swift; sourceTree = "<group>"; };
		A5FDD542215248F900527110 /* PKCS7Padding.swift */ = {isa = PBXFileReference; fileEncoding = 4; lastKnownFileType = sourcecode.swift; path = PKCS7Padding.swift; sourceTree = "<group>"; };
		A5FDD543215248F900527110 /* PKCS5.swift */ = {isa = PBXFileReference; fileEncoding = 4; lastKnownFileType = sourcecode.swift; path = PKCS5.swift; sourceTree = "<group>"; };
		A5FDD544215248F900527110 /* PKCS7.swift */ = {isa = PBXFileReference; fileEncoding = 4; lastKnownFileType = sourcecode.swift; path = PKCS7.swift; sourceTree = "<group>"; };
		A5FDD545215248F900527110 /* PBKDF2.swift */ = {isa = PBXFileReference; fileEncoding = 4; lastKnownFileType = sourcecode.swift; path = PBKDF2.swift; sourceTree = "<group>"; };
		A5FDD546215248F900527110 /* PBKDF1.swift */ = {isa = PBXFileReference; fileEncoding = 4; lastKnownFileType = sourcecode.swift; path = PBKDF1.swift; sourceTree = "<group>"; };
		A5FDD548215248F900527110 /* BlockModeOptions.swift */ = {isa = PBXFileReference; fileEncoding = 4; lastKnownFileType = sourcecode.swift; path = BlockModeOptions.swift; sourceTree = "<group>"; };
		A5FDD549215248F900527110 /* CFB.swift */ = {isa = PBXFileReference; fileEncoding = 4; lastKnownFileType = sourcecode.swift; path = CFB.swift; sourceTree = "<group>"; };
		A5FDD54A215248F900527110 /* CBC.swift */ = {isa = PBXFileReference; fileEncoding = 4; lastKnownFileType = sourcecode.swift; path = CBC.swift; sourceTree = "<group>"; };
		A5FDD54B215248F900527110 /* RandomAccessBlockModeWorker.swift */ = {isa = PBXFileReference; fileEncoding = 4; lastKnownFileType = sourcecode.swift; path = RandomAccessBlockModeWorker.swift; sourceTree = "<group>"; };
		A5FDD54C215248F900527110 /* ECB.swift */ = {isa = PBXFileReference; fileEncoding = 4; lastKnownFileType = sourcecode.swift; path = ECB.swift; sourceTree = "<group>"; };
		A5FDD54D215248F900527110 /* PCBC.swift */ = {isa = PBXFileReference; fileEncoding = 4; lastKnownFileType = sourcecode.swift; path = PCBC.swift; sourceTree = "<group>"; };
		A5FDD54E215248F900527110 /* BlockModeWorker.swift */ = {isa = PBXFileReference; fileEncoding = 4; lastKnownFileType = sourcecode.swift; path = BlockModeWorker.swift; sourceTree = "<group>"; };
		A5FDD54F215248F900527110 /* BlockMode.swift */ = {isa = PBXFileReference; fileEncoding = 4; lastKnownFileType = sourcecode.swift; path = BlockMode.swift; sourceTree = "<group>"; };
		A5FDD550215248F900527110 /* CTR.swift */ = {isa = PBXFileReference; fileEncoding = 4; lastKnownFileType = sourcecode.swift; path = CTR.swift; sourceTree = "<group>"; };
		A5FDD551215248F900527110 /* OFB.swift */ = {isa = PBXFileReference; fileEncoding = 4; lastKnownFileType = sourcecode.swift; path = OFB.swift; sourceTree = "<group>"; };
		A5FDD552215248F900527110 /* ChaCha20.swift */ = {isa = PBXFileReference; fileEncoding = 4; lastKnownFileType = sourcecode.swift; path = ChaCha20.swift; sourceTree = "<group>"; };
		A5FDD553215248F900527110 /* Array+Extension.swift */ = {isa = PBXFileReference; fileEncoding = 4; lastKnownFileType = sourcecode.swift; path = "Array+Extension.swift"; sourceTree = "<group>"; };
		A5FDD59721524EF500527110 /* Data+Gzip.swift */ = {isa = PBXFileReference; fileEncoding = 4; lastKnownFileType = sourcecode.swift; path = "Data+Gzip.swift"; sourceTree = "<group>"; };
		C314636E277E8E4FC2062291 /* Pods-WisdomIMKit.debug.xcconfig */ = {isa = PBXFileReference; includeInIndex = 1; lastKnownFileType = text.xcconfig; name = "Pods-WisdomIMKit.debug.xcconfig"; path = "Pods/Target Support Files/Pods-WisdomIMKit/Pods-WisdomIMKit.debug.xcconfig"; sourceTree = "<group>"; };
		F9D725336DBBB580DCE357EC /* Pods-WisdomIMKit.release.xcconfig */ = {isa = PBXFileReference; includeInIndex = 1; lastKnownFileType = text.xcconfig; name = "Pods-WisdomIMKit.release.xcconfig"; path = "Pods/Target Support Files/Pods-WisdomIMKit/Pods-WisdomIMKit.release.xcconfig"; sourceTree = "<group>"; };
/* End PBXFileReference section */

/* Begin PBXFrameworksBuildPhase section */
		A5FDD4682151E63700527110 /* Frameworks */ = {
			isa = PBXFrameworksBuildPhase;
			buildActionMask = 2147483647;
			files = (
				D10CCF07B109C0CE868EA06A /* Pods_WisdomIMKit.framework in Frameworks */,
			);
			runOnlyForDeploymentPostprocessing = 0;
		};
/* End PBXFrameworksBuildPhase section */

/* Begin PBXGroup section */
		2410E7EDCEA0F5D706931200 /* Pods */ = {
			isa = PBXGroup;
			children = (
				C314636E277E8E4FC2062291 /* Pods-WisdomIMKit.debug.xcconfig */,
				F9D725336DBBB580DCE357EC /* Pods-WisdomIMKit.release.xcconfig */,
			);
			name = Pods;
			sourceTree = "<group>";
		};
		91BA3376A87B5BEA98C7F626 /* Frameworks */ = {
			isa = PBXGroup;
			children = (
				173EA802618D39BAB871891D /* Pods_WisdomIMKit.framework */,
			);
			name = Frameworks;
			sourceTree = "<group>";
		};
		A5FDD4622151E63700527110 = {
			isa = PBXGroup;
			children = (
				A5FDD46D2151E63700527110 /* WisdomIMKit */,
				A5FDD46C2151E63700527110 /* Products */,
				2410E7EDCEA0F5D706931200 /* Pods */,
				91BA3376A87B5BEA98C7F626 /* Frameworks */,
			);
			sourceTree = "<group>";
		};
		A5FDD46C2151E63700527110 /* Products */ = {
			isa = PBXGroup;
			children = (
				A5FDD46B2151E63700527110 /* WisdomIMKit.app */,
			);
			name = Products;
			sourceTree = "<group>";
		};
		A5FDD46D2151E63700527110 /* WisdomIMKit */ = {
			isa = PBXGroup;
			children = (
				A5FDD4812151E6FB00527110 /* Login */,
				A5FDD4802151E6DF00527110 /* WisdomIMKit */,
				A5FDD46E2151E63700527110 /* AppDelegate.swift */,
				A5FDD4752151E63800527110 /* Assets.xcassets */,
				A5FDD4772151E63800527110 /* LaunchScreen.storyboard */,
				A5FDD47A2151E63800527110 /* Info.plist */,
				A5FDD4EF2151F24B00527110 /* WisdomIMKit-Bridging-Header.h */,
			);
			path = WisdomIMKit;
			sourceTree = "<group>";
		};
		A5FDD4802151E6DF00527110 /* WisdomIMKit */ = {
			isa = PBXGroup;
			children = (
				A5FDD5012152204500527110 /* WisdomIMKitConfig.swift */,
				A5FDD4F82151FCDB00527110 /* WisdomIMKitManager.swift */,
				A5FDD4F62151FC2800527110 /* WisdomUserinfo.swift */,
				A5FDD50521522BA700527110 /* WisdomIMPayload.swift */,
				A5FDD50721522BD600527110 /* WisdomIMHeader.swift */,
				A5FDD50921522CF900527110 /* WisdomIMDataVO.swift */,
				A5FDD50F215248B700527110 /* WisdomIMDataEncoding.swift */,
				A5FDD5032152232E00527110 /* WisdomReachability.swift */,
				A5FDD59721524EF500527110 /* Data+Gzip.swift */,
				A5FDD4FA2151FE2B00527110 /* WisdomGCD */,
				A5FDD511215248F800527110 /* CryptoSwift */,
			);
			path = WisdomIMKit;
			sourceTree = "<group>";
		};
		A5FDD4812151E6FB00527110 /* Login */ = {
			isa = PBXGroup;
			children = (
				A5FDD4DD2151EBB400527110 /* VC */,
				A5FDD4DE2151EBCA00527110 /* VO */,
			);
			path = Login;
			sourceTree = "<group>";
		};
		A5FDD4DD2151EBB400527110 /* VC */ = {
			isa = PBXGroup;
			children = (
				A5FDD50B21523BD200527110 /* TestViewController.swift */,
				A5FDD50C21523BD200527110 /* TestViewController.xib */,
			);
			path = VC;
			sourceTree = "<group>";
		};
		A5FDD4DE2151EBCA00527110 /* VO */ = {
			isa = PBXGroup;
			children = (
				A5FDD4F02151F4E000527110 /* DeviceInfo.swift */,
				A5FDD4F12151F4E000527110 /* UserinfoVO.swift */,
				A5FDD4F22151F4E000527110 /* ZHInvestSupAliasVO.swift */,
			);
			path = VO;
			sourceTree = "<group>";
		};
		A5FDD4FA2151FE2B00527110 /* WisdomGCD */ = {
			isa = PBXGroup;
			children = (
				A5FDD4FE2151FE2B00527110 /* GCDAsyncSocket.h */,
				A5FDD4FC2151FE2B00527110 /* GCDAsyncSocket.m */,
				A5FDD4FD2151FE2B00527110 /* GCDAsyncUdpSocket.h */,
				A5FDD4FB2151FE2B00527110 /* GCDAsyncUdpSocket.m */,
				A590C50C218D8A4800955776 /* WisdomGCDAsyncSocket.swift */,
				A590C50E218D8A6200955776 /* WisdomGCDAsyncUdpSocket.swift */,
				A590C510218D8BA500955776 /* WisdomGCDAsyncSocketDelegate.swift */,
			);
			path = WisdomGCD;
			sourceTree = "<group>";
		};
		A5FDD511215248F800527110 /* CryptoSwift */ = {
			isa = PBXGroup;
			children = (
				A5FDD520215248F800527110 /* Foundation */,
				A5FDD541215248F900527110 /* PKCS */,
				A5FDD547215248F900527110 /* BlockMode */,
				A5FDD512215248F800527110 /* Array+Extensions.swift */,
				A5FDD513215248F800527110 /* AES.swift */,
				A5FDD518215248F800527110 /* AES.Cryptors.swift */,
				A5FDD514215248F800527110 /* UInt64+Extension.swift */,
				A5FDD515215248F800527110 /* Cryptors.swift */,
				A5FDD516215248F800527110 /* Cipher.swift */,
				A5FDD517215248F800527110 /* Int+Extension.swift */,
				A5FDD519215248F800527110 /* Bit.swift */,
				A5FDD51A215248F800527110 /* HMAC.swift */,
				A5FDD51B215248F800527110 /* UInt16+Extension.swift */,
				A5FDD51C215248F800527110 /* Collection+Extension.swift */,
				A5FDD51D215248F800527110 /* UInt32+Extension.swift */,
				A5FDD51E215248F800527110 /* Digest.swift */,
				A5FDD51F215248F800527110 /* NoPadding.swift */,
				A5FDD52A215248F800527110 /* UInt8+Extension.swift */,
				A5FDD52B215248F800527110 /* MD5.swift */,
				A5FDD52C215248F800527110 /* BatchedCollection.swift */,
				A5FDD52D215248F800527110 /* SecureBytes.swift */,
				A5FDD52E215248F800527110 /* ZeroPadding.swift */,
				A5FDD52F215248F800527110 /* String+Extension.swift */,
				A5FDD530215248F800527110 /* Authenticator.swift */,
				A5FDD532215248F800527110 /* Operators.swift */,
				A5FDD533215248F800527110 /* RandomBytesSequence.swift */,
				A5FDD534215248F800527110 /* Rabbit.swift */,
				A5FDD536215248F800527110 /* Poly1305.swift */,
				A5FDD537215248F800527110 /* BlockCipher.swift */,
				A5FDD538215248F800527110 /* Updatable.swift */,
				A5FDD539215248F800527110 /* Blowfish.swift */,
				A5FDD53A215248F800527110 /* DigestType.swift */,
				A5FDD53B215248F800527110 /* Utils.swift */,
				A5FDD53C215248F800527110 /* Generics.swift */,
				A5FDD53D215248F800527110 /* Checksum.swift */,
				A5FDD53E215248F900527110 /* RandomAccessCryptor.swift */,
				A5FDD535215248F800527110 /* SHA1.swift */,
				A5FDD53F215248F900527110 /* SHA2.swift */,
				A5FDD531215248F800527110 /* SHA3.swift */,
				A5FDD540215248F900527110 /* Padding.swift */,
				A5FDD552215248F900527110 /* ChaCha20.swift */,
				A5FDD553215248F900527110 /* Array+Extension.swift */,
			);
			path = CryptoSwift;
			sourceTree = "<group>";
		};
		A5FDD520215248F800527110 /* Foundation */ = {
			isa = PBXGroup;
			children = (
				A5FDD521215248F800527110 /* String+FoundationExtension.swift */,
				A5FDD522215248F800527110 /* Blowfish+Foundation.swift */,
				A5FDD523215248F800527110 /* Utils+Foundation.swift */,
				A5FDD524215248F800527110 /* HMAC+Foundation.swift */,
				A5FDD525215248F800527110 /* Data+Extension.swift */,
				A5FDD526215248F800527110 /* ChaCha20+Foundation.swift */,
				A5FDD527215248F800527110 /* Array+Foundation.swift */,
				A5FDD528215248F800527110 /* AES+Foundation.swift */,
				A5FDD529215248F800527110 /* Rabbit+Foundation.swift */,
			);
			path = Foundation;
			sourceTree = "<group>";
		};
		A5FDD541215248F900527110 /* PKCS */ = {
			isa = PBXGroup;
			children = (
				A5FDD542215248F900527110 /* PKCS7Padding.swift */,
				A5FDD543215248F900527110 /* PKCS5.swift */,
				A5FDD544215248F900527110 /* PKCS7.swift */,
				A5FDD545215248F900527110 /* PBKDF2.swift */,
				A5FDD546215248F900527110 /* PBKDF1.swift */,
			);
			path = PKCS;
			sourceTree = "<group>";
		};
		A5FDD547215248F900527110 /* BlockMode */ = {
			isa = PBXGroup;
			children = (
				A5FDD548215248F900527110 /* BlockModeOptions.swift */,
				A5FDD54B215248F900527110 /* RandomAccessBlockModeWorker.swift */,
				A5FDD54E215248F900527110 /* BlockModeWorker.swift */,
				A5FDD54F215248F900527110 /* BlockMode.swift */,
				A5FDD549215248F900527110 /* CFB.swift */,
				A5FDD54A215248F900527110 /* CBC.swift */,
				A5FDD54C215248F900527110 /* ECB.swift */,
				A5FDD54D215248F900527110 /* PCBC.swift */,
				A5FDD550215248F900527110 /* CTR.swift */,
				A5FDD551215248F900527110 /* OFB.swift */,
			);
			path = BlockMode;
			sourceTree = "<group>";
		};
/* End PBXGroup section */

/* Begin PBXNativeTarget section */
		A5FDD46A2151E63700527110 /* WisdomIMKit */ = {
			isa = PBXNativeTarget;
			buildConfigurationList = A5FDD47D2151E63800527110 /* Build configuration list for PBXNativeTarget "WisdomIMKit" */;
			buildPhases = (
				DB7B062A481234838AAB19C1 /* [CP] Check Pods Manifest.lock */,
				A5FDD4672151E63700527110 /* Sources */,
				A5FDD4682151E63700527110 /* Frameworks */,
				A5FDD4692151E63700527110 /* Resources */,
				5F17F07DB9E21F52B2129BC6 /* [CP] Embed Pods Frameworks */,
			);
			buildRules = (
			);
			dependencies = (
			);
			name = WisdomIMKit;
			productName = WisdomIMKit;
			productReference = A5FDD46B2151E63700527110 /* WisdomIMKit.app */;
			productType = "com.apple.product-type.application";
		};
/* End PBXNativeTarget section */

/* Begin PBXProject section */
		A5FDD4632151E63700527110 /* Project object */ = {
			isa = PBXProject;
			attributes = {
				LastSwiftUpdateCheck = 0940;
				LastUpgradeCheck = 0940;
				ORGANIZATIONNAME = "All over the sky star";
				TargetAttributes = {
					A5FDD46A2151E63700527110 = {
						CreatedOnToolsVersion = 9.4.1;
						LastSwiftMigration = 0940;
					};
				};
			};
			buildConfigurationList = A5FDD4662151E63700527110 /* Build configuration list for PBXProject "WisdomIMKit" */;
			compatibilityVersion = "Xcode 9.3";
			developmentRegion = en;
			hasScannedForEncodings = 0;
			knownRegions = (
				en,
				Base,
			);
			mainGroup = A5FDD4622151E63700527110;
			productRefGroup = A5FDD46C2151E63700527110 /* Products */;
			projectDirPath = "";
			projectRoot = "";
			targets = (
				A5FDD46A2151E63700527110 /* WisdomIMKit */,
			);
		};
/* End PBXProject section */

/* Begin PBXResourcesBuildPhase section */
		A5FDD4692151E63700527110 /* Resources */ = {
			isa = PBXResourcesBuildPhase;
			buildActionMask = 2147483647;
			files = (
				A5FDD4792151E63800527110 /* LaunchScreen.storyboard in Resources */,
				A5FDD50E21523BD200527110 /* TestViewController.xib in Resources */,
				A5FDD4762151E63800527110 /* Assets.xcassets in Resources */,
			);
			runOnlyForDeploymentPostprocessing = 0;
		};
/* End PBXResourcesBuildPhase section */

/* Begin PBXShellScriptBuildPhase section */
		5F17F07DB9E21F52B2129BC6 /* [CP] Embed Pods Frameworks */ = {
			isa = PBXShellScriptBuildPhase;
			buildActionMask = 2147483647;
			files = (
			);
			inputPaths = (
				"${SRCROOT}/Pods/Target Support Files/Pods-WisdomIMKit/Pods-WisdomIMKit-frameworks.sh",
				"${BUILT_PRODUCTS_DIR}/AFNetworking/AFNetworking.framework",
				"${BUILT_PRODUCTS_DIR}/SVProgressHUD/SVProgressHUD.framework",
			);
			name = "[CP] Embed Pods Frameworks";
			outputPaths = (
				"${TARGET_BUILD_DIR}/${FRAMEWORKS_FOLDER_PATH}/AFNetworking.framework",
				"${TARGET_BUILD_DIR}/${FRAMEWORKS_FOLDER_PATH}/SVProgressHUD.framework",
			);
			runOnlyForDeploymentPostprocessing = 0;
			shellPath = /bin/sh;
			shellScript = "\"${SRCROOT}/Pods/Target Support Files/Pods-WisdomIMKit/Pods-WisdomIMKit-frameworks.sh\"\n";
			showEnvVarsInLog = 0;
		};
		DB7B062A481234838AAB19C1 /* [CP] Check Pods Manifest.lock */ = {
			isa = PBXShellScriptBuildPhase;
			buildActionMask = 2147483647;
			files = (
			);
			inputPaths = (
				"${PODS_PODFILE_DIR_PATH}/Podfile.lock",
				"${PODS_ROOT}/Manifest.lock",
			);
			name = "[CP] Check Pods Manifest.lock";
			outputPaths = (
				"$(DERIVED_FILE_DIR)/Pods-WisdomIMKit-checkManifestLockResult.txt",
			);
			runOnlyForDeploymentPostprocessing = 0;
			shellPath = /bin/sh;
			shellScript = "diff \"${PODS_PODFILE_DIR_PATH}/Podfile.lock\" \"${PODS_ROOT}/Manifest.lock\" > /dev/null\nif [ $? != 0 ] ; then\n    # print error to STDERR\n    echo \"error: The sandbox is not in sync with the Podfile.lock. Run 'pod install' or update your CocoaPods installation.\" >&2\n    exit 1\nfi\n# This output is used by Xcode 'outputs' to avoid re-running this script phase.\necho \"SUCCESS\" > \"${SCRIPT_OUTPUT_FILE_0}\"\n";
			showEnvVarsInLog = 0;
		};
/* End PBXShellScriptBuildPhase section */

/* Begin PBXSourcesBuildPhase section */
		A5FDD4672151E63700527110 /* Sources */ = {
			isa = PBXSourcesBuildPhase;
			buildActionMask = 2147483647;
			files = (
				A5FDD588215248F900527110 /* CFB.swift in Sources */,
				A5FDD59821524EF500527110 /* Data+Gzip.swift in Sources */,
				A5FDD572215248F900527110 /* SHA3.swift in Sources */,
				A590C50F218D8A6200955776 /* WisdomGCDAsyncUdpSocket.swift in Sources */,
				A5FDD56C215248F900527110 /* MD5.swift in Sources */,
				A5FDD56A215248F900527110 /* Rabbit+Foundation.swift in Sources */,
				A5FDD578215248F900527110 /* BlockCipher.swift in Sources */,
				A5FDD561215248F900527110 /* NoPadding.swift in Sources */,
				A5FDD57E215248F900527110 /* Checksum.swift in Sources */,
				A5FDD57C215248F900527110 /* Utils.swift in Sources */,
				A5FDD5022152204500527110 /* WisdomIMKitConfig.swift in Sources */,
				A5FDD50D21523BD200527110 /* TestViewController.swift in Sources */,
				A5FDD55B215248F900527110 /* Bit.swift in Sources */,
				A5FDD56E215248F900527110 /* SecureBytes.swift in Sources */,
				A5FDD573215248F900527110 /* Operators.swift in Sources */,
				A5FDD5042152232E00527110 /* WisdomReachability.swift in Sources */,
				A5FDD55F215248F900527110 /* UInt32+Extension.swift in Sources */,
				A5FDD58F215248F900527110 /* CTR.swift in Sources */,
				A5FDD554215248F900527110 /* Array+Extensions.swift in Sources */,
				A5FDD556215248F900527110 /* UInt64+Extension.swift in Sources */,
				A5FDD574215248F900527110 /* RandomBytesSequence.swift in Sources */,
				A5FDD56F215248F900527110 /* ZeroPadding.swift in Sources */,
				A5FDD563215248F900527110 /* Blowfish+Foundation.swift in Sources */,
				A5FDD580215248F900527110 /* SHA2.swift in Sources */,
				A5FDD568215248F900527110 /* Array+Foundation.swift in Sources */,
				A5FDD58D215248F900527110 /* BlockModeWorker.swift in Sources */,
				A5FDD566215248F900527110 /* Data+Extension.swift in Sources */,
				A5FDD56B215248F900527110 /* UInt8+Extension.swift in Sources */,
				A5FDD592215248F900527110 /* Array+Extension.swift in Sources */,
				A5FDD4F32151F4E000527110 /* DeviceInfo.swift in Sources */,
				A590C50D218D8A4800955776 /* WisdomGCDAsyncSocket.swift in Sources */,
				A5FDD584215248F900527110 /* PKCS7.swift in Sources */,
				A5FDD58E215248F900527110 /* BlockMode.swift in Sources */,
				A5FDD5002151FE2B00527110 /* GCDAsyncSocket.m in Sources */,
				A5FDD510215248B700527110 /* WisdomIMDataEncoding.swift in Sources */,
				A5FDD570215248F900527110 /* String+Extension.swift in Sources */,
				A5FDD4F92151FCDB00527110 /* WisdomIMKitManager.swift in Sources */,
				A5FDD560215248F900527110 /* Digest.swift in Sources */,
				A590C511218D8BA500955776 /* WisdomGCDAsyncSocketDelegate.swift in Sources */,
				A5FDD58C215248F900527110 /* PCBC.swift in Sources */,
				A5FDD58A215248F900527110 /* RandomAccessBlockModeWorker.swift in Sources */,
				A5FDD577215248F900527110 /* Poly1305.swift in Sources */,
				A5FDD579215248F900527110 /* Updatable.swift in Sources */,
				A5FDD587215248F900527110 /* BlockModeOptions.swift in Sources */,
				A5FDD567215248F900527110 /* ChaCha20+Foundation.swift in Sources */,
				A5FDD57A215248F900527110 /* Blowfish.swift in Sources */,
				A5FDD559215248F900527110 /* Int+Extension.swift in Sources */,
				A5FDD4F42151F4E000527110 /* UserinfoVO.swift in Sources */,
				A5FDD55D215248F900527110 /* UInt16+Extension.swift in Sources */,
				A5FDD58B215248F900527110 /* ECB.swift in Sources */,
				A5FDD50821522BD600527110 /* WisdomIMHeader.swift in Sources */,
				A5FDD57F215248F900527110 /* RandomAccessCryptor.swift in Sources */,
				A5FDD590215248F900527110 /* OFB.swift in Sources */,
				A5FDD591215248F900527110 /* ChaCha20.swift in Sources */,
				A5FDD582215248F900527110 /* PKCS7Padding.swift in Sources */,
				A5FDD55C215248F900527110 /* HMAC.swift in Sources */,
				A5FDD571215248F900527110 /* Authenticator.swift in Sources */,
				A5FDD55A215248F900527110 /* AES.Cryptors.swift in Sources */,
				A5FDD46F2151E63700527110 /* AppDelegate.swift in Sources */,
				A5FDD57B215248F900527110 /* DigestType.swift in Sources */,
				A5FDD4F52151F4E000527110 /* ZHInvestSupAliasVO.swift in Sources */,
				A5FDD581215248F900527110 /* Padding.swift in Sources */,
				A5FDD558215248F900527110 /* Cipher.swift in Sources */,
				A5FDD50621522BA700527110 /* WisdomIMPayload.swift in Sources */,
				A5FDD56D215248F900527110 /* BatchedCollection.swift in Sources */,
				A5FDD4FF2151FE2B00527110 /* GCDAsyncUdpSocket.m in Sources */,
				A5FDD576215248F900527110 /* SHA1.swift in Sources */,
				A5FDD564215248F900527110 /* Utils+Foundation.swift in Sources */,
				A5FDD583215248F900527110 /* PKCS5.swift in Sources */,
				A5FDD585215248F900527110 /* PBKDF2.swift in Sources */,
				A5FDD55E215248F900527110 /* Collection+Extension.swift in Sources */,
				A5FDD589215248F900527110 /* CBC.swift in Sources */,
				A5FDD50A21522CF900527110 /* WisdomIMDataVO.swift in Sources */,
				A5FDD4F72151FC2800527110 /* WisdomUserinfo.swift in Sources */,
				A5FDD562215248F900527110 /* String+FoundationExtension.swift in Sources */,
				A5FDD569215248F900527110 /* AES+Foundation.swift in Sources */,
				A5FDD586215248F900527110 /* PBKDF1.swift in Sources */,
				A5FDD555215248F900527110 /* AES.swift in Sources */,
				A5FDD575215248F900527110 /* Rabbit.swift in Sources */,
				A5FDD57D215248F900527110 /* Generics.swift in Sources */,
				A5FDD557215248F900527110 /* Cryptors.swift in Sources */,
				A5FDD565215248F900527110 /* HMAC+Foundation.swift in Sources */,
			);
			runOnlyForDeploymentPostprocessing = 0;
		};
/* End PBXSourcesBuildPhase section */

/* Begin PBXVariantGroup section */
		A5FDD4772151E63800527110 /* LaunchScreen.storyboard */ = {
			isa = PBXVariantGroup;
			children = (
				A5FDD4782151E63800527110 /* Base */,
			);
			name = LaunchScreen.storyboard;
			sourceTree = "<group>";
		};
/* End PBXVariantGroup section */

/* Begin XCBuildConfiguration section */
		A5FDD47B2151E63800527110 /* Debug */ = {
			isa = XCBuildConfiguration;
			buildSettings = {
				ALWAYS_SEARCH_USER_PATHS = NO;
				CLANG_ANALYZER_NONNULL = YES;
				CLANG_ANALYZER_NUMBER_OBJECT_CONVERSION = YES_AGGRESSIVE;
				CLANG_CXX_LANGUAGE_STANDARD = "gnu++14";
				CLANG_CXX_LIBRARY = "libc++";
				CLANG_ENABLE_MODULES = YES;
				CLANG_ENABLE_OBJC_ARC = YES;
				CLANG_ENABLE_OBJC_WEAK = YES;
				CLANG_WARN_BLOCK_CAPTURE_AUTORELEASING = YES;
				CLANG_WARN_BOOL_CONVERSION = YES;
				CLANG_WARN_COMMA = YES;
				CLANG_WARN_CONSTANT_CONVERSION = YES;
				CLANG_WARN_DEPRECATED_OBJC_IMPLEMENTATIONS = YES;
				CLANG_WARN_DIRECT_OBJC_ISA_USAGE = YES_ERROR;
				CLANG_WARN_DOCUMENTATION_COMMENTS = YES;
				CLANG_WARN_EMPTY_BODY = YES;
				CLANG_WARN_ENUM_CONVERSION = YES;
				CLANG_WARN_INFINITE_RECURSION = YES;
				CLANG_WARN_INT_CONVERSION = YES;
				CLANG_WARN_NON_LITERAL_NULL_CONVERSION = YES;
				CLANG_WARN_OBJC_IMPLICIT_RETAIN_SELF = YES;
				CLANG_WARN_OBJC_LITERAL_CONVERSION = YES;
				CLANG_WARN_OBJC_ROOT_CLASS = YES_ERROR;
				CLANG_WARN_RANGE_LOOP_ANALYSIS = YES;
				CLANG_WARN_STRICT_PROTOTYPES = YES;
				CLANG_WARN_SUSPICIOUS_MOVE = YES;
				CLANG_WARN_UNGUARDED_AVAILABILITY = YES_AGGRESSIVE;
				CLANG_WARN_UNREACHABLE_CODE = YES;
				CLANG_WARN__DUPLICATE_METHOD_MATCH = YES;
				CODE_SIGN_IDENTITY = "iPhone Developer";
				COPY_PHASE_STRIP = NO;
				DEBUG_INFORMATION_FORMAT = dwarf;
				ENABLE_STRICT_OBJC_MSGSEND = YES;
				ENABLE_TESTABILITY = YES;
				GCC_C_LANGUAGE_STANDARD = gnu11;
				GCC_DYNAMIC_NO_PIC = NO;
				GCC_NO_COMMON_BLOCKS = YES;
				GCC_OPTIMIZATION_LEVEL = 0;
				GCC_PREPROCESSOR_DEFINITIONS = (
					"DEBUG=1",
					"$(inherited)",
				);
				GCC_WARN_64_TO_32_BIT_CONVERSION = YES;
				GCC_WARN_ABOUT_RETURN_TYPE = YES_ERROR;
				GCC_WARN_UNDECLARED_SELECTOR = YES;
				GCC_WARN_UNINITIALIZED_AUTOS = YES_AGGRESSIVE;
				GCC_WARN_UNUSED_FUNCTION = YES;
				GCC_WARN_UNUSED_VARIABLE = YES;
				IPHONEOS_DEPLOYMENT_TARGET = 11.4;
				MTL_ENABLE_DEBUG_INFO = YES;
				ONLY_ACTIVE_ARCH = YES;
				SDKROOT = iphoneos;
				SWIFT_ACTIVE_COMPILATION_CONDITIONS = DEBUG;
				SWIFT_OPTIMIZATION_LEVEL = "-Onone";
			};
			name = Debug;
		};
		A5FDD47C2151E63800527110 /* Release */ = {
			isa = XCBuildConfiguration;
			buildSettings = {
				ALWAYS_SEARCH_USER_PATHS = NO;
				CLANG_ANALYZER_NONNULL = YES;
				CLANG_ANALYZER_NUMBER_OBJECT_CONVERSION = YES_AGGRESSIVE;
				CLANG_CXX_LANGUAGE_STANDARD = "gnu++14";
				CLANG_CXX_LIBRARY = "libc++";
				CLANG_ENABLE_MODULES = YES;
				CLANG_ENABLE_OBJC_ARC = YES;
				CLANG_ENABLE_OBJC_WEAK = YES;
				CLANG_WARN_BLOCK_CAPTURE_AUTORELEASING = YES;
				CLANG_WARN_BOOL_CONVERSION = YES;
				CLANG_WARN_COMMA = YES;
				CLANG_WARN_CONSTANT_CONVERSION = YES;
				CLANG_WARN_DEPRECATED_OBJC_IMPLEMENTATIONS = YES;
				CLANG_WARN_DIRECT_OBJC_ISA_USAGE = YES_ERROR;
				CLANG_WARN_DOCUMENTATION_COMMENTS = YES;
				CLANG_WARN_EMPTY_BODY = YES;
				CLANG_WARN_ENUM_CONVERSION = YES;
				CLANG_WARN_INFINITE_RECURSION = YES;
				CLANG_WARN_INT_CONVERSION = YES;
				CLANG_WARN_NON_LITERAL_NULL_CONVERSION = YES;
				CLANG_WARN_OBJC_IMPLICIT_RETAIN_SELF = YES;
				CLANG_WARN_OBJC_LITERAL_CONVERSION = YES;
				CLANG_WARN_OBJC_ROOT_CLASS = YES_ERROR;
				CLANG_WARN_RANGE_LOOP_ANALYSIS = YES;
				CLANG_WARN_STRICT_PROTOTYPES = YES;
				CLANG_WARN_SUSPICIOUS_MOVE = YES;
				CLANG_WARN_UNGUARDED_AVAILABILITY = YES_AGGRESSIVE;
				CLANG_WARN_UNREACHABLE_CODE = YES;
				CLANG_WARN__DUPLICATE_METHOD_MATCH = YES;
				CODE_SIGN_IDENTITY = "iPhone Developer";
				COPY_PHASE_STRIP = NO;
				DEBUG_INFORMATION_FORMAT = "dwarf-with-dsym";
				ENABLE_NS_ASSERTIONS = NO;
				ENABLE_STRICT_OBJC_MSGSEND = YES;
				GCC_C_LANGUAGE_STANDARD = gnu11;
				GCC_NO_COMMON_BLOCKS = YES;
				GCC_WARN_64_TO_32_BIT_CONVERSION = YES;
				GCC_WARN_ABOUT_RETURN_TYPE = YES_ERROR;
				GCC_WARN_UNDECLARED_SELECTOR = YES;
				GCC_WARN_UNINITIALIZED_AUTOS = YES_AGGRESSIVE;
				GCC_WARN_UNUSED_FUNCTION = YES;
				GCC_WARN_UNUSED_VARIABLE = YES;
				IPHONEOS_DEPLOYMENT_TARGET = 11.4;
				MTL_ENABLE_DEBUG_INFO = NO;
				SDKROOT = iphoneos;
				SWIFT_COMPILATION_MODE = wholemodule;
				SWIFT_OPTIMIZATION_LEVEL = "-O";
				VALIDATE_PRODUCT = YES;
			};
			name = Release;
		};
		A5FDD47E2151E63800527110 /* Debug */ = {
			isa = XCBuildConfiguration;
			baseConfigurationReference = C314636E277E8E4FC2062291 /* Pods-WisdomIMKit.debug.xcconfig */;
			buildSettings = {
				ASSETCATALOG_COMPILER_APPICON_NAME = AppIcon;
				CLANG_ENABLE_MODULES = YES;
				CODE_SIGN_IDENTITY = "iPhone Developer";
				CODE_SIGN_STYLE = Automatic;
				DEVELOPMENT_TEAM = "";
				INFOPLIST_FILE = WisdomIMKit/Info.plist;
				IPHONEOS_DEPLOYMENT_TARGET = 9.0;
				LD_RUNPATH_SEARCH_PATHS = (
					"$(inherited)",
					"@executable_path/Frameworks",
				);
				LIBRARY_SEARCH_PATHS = (
					"$(inherited)",
					"$(PROJECT_DIR)/WisdomIMKit/Login/Other/MQEncodeAudio/lib",
					"$(PROJECT_DIR)/WisdomIMKit/Login/Other/BigInteger",
				);
				PRODUCT_BUNDLE_IDENTIFIER = "All-over-the-sky-star.WisdomIMKit";
				PRODUCT_NAME = "$(TARGET_NAME)";
				PROVISIONING_PROFILE_SPECIFIER = "";
				SWIFT_OBJC_BRIDGING_HEADER = "WisdomIMKit/WisdomIMKit-Bridging-Header.h";
				SWIFT_OPTIMIZATION_LEVEL = "-Onone";
				SWIFT_VERSION = 4.0;
				TARGETED_DEVICE_FAMILY = 1;
			};
			name = Debug;
		};
		A5FDD47F2151E63800527110 /* Release */ = {
			isa = XCBuildConfiguration;
			baseConfigurationReference = F9D725336DBBB580DCE357EC /* Pods-WisdomIMKit.release.xcconfig */;
			buildSettings = {
				ASSETCATALOG_COMPILER_APPICON_NAME = AppIcon;
				CLANG_ENABLE_MODULES = YES;
				CODE_SIGN_IDENTITY = "iPhone Developer";
				CODE_SIGN_STYLE = Automatic;
				DEVELOPMENT_TEAM = "";
				INFOPLIST_FILE = WisdomIMKit/Info.plist;
				IPHONEOS_DEPLOYMENT_TARGET = 9.0;
				LD_RUNPATH_SEARCH_PATHS = (
					"$(inherited)",
					"@executable_path/Frameworks",
				);
				LIBRARY_SEARCH_PATHS = (
					"$(inherited)",
					"$(PROJECT_DIR)/WisdomIMKit/Login/Other/MQEncodeAudio/lib",
					"$(PROJECT_DIR)/WisdomIMKit/Login/Other/BigInteger",
				);
				PRODUCT_BUNDLE_IDENTIFIER = "All-over-the-sky-star.WisdomIMKit";
				PRODUCT_NAME = "$(TARGET_NAME)";
				PROVISIONING_PROFILE_SPECIFIER = "";
				SWIFT_OBJC_BRIDGING_HEADER = "WisdomIMKit/WisdomIMKit-Bridging-Header.h";
				SWIFT_VERSION = 4.0;
				TARGETED_DEVICE_FAMILY = 1;
			};
			name = Release;
		};
/* End XCBuildConfiguration section */

/* Begin XCConfigurationList section */
		A5FDD4662151E63700527110 /* Build configuration list for PBXProject "WisdomIMKit" */ = {
			isa = XCConfigurationList;
			buildConfigurations = (
				A5FDD47B2151E63800527110 /* Debug */,
				A5FDD47C2151E63800527110 /* Release */,
			);
			defaultConfigurationIsVisible = 0;
			defaultConfigurationName = Release;
		};
		A5FDD47D2151E63800527110 /* Build configuration list for PBXNativeTarget "WisdomIMKit" */ = {
			isa = XCConfigurationList;
			buildConfigurations = (
				A5FDD47E2151E63800527110 /* Debug */,
				A5FDD47F2151E63800527110 /* Release */,
			);
			defaultConfigurationIsVisible = 0;
			defaultConfigurationName = Release;
		};
/* End XCConfigurationList section */
	};
	rootObject = A5FDD4632151E63700527110 /* Project object */;
}
